{
  "object": {
    "pins": [
      {
        "package": "Amplitude",
        "repositoryURL": "https://github.com/amplitude/Amplitude-iOS.git",
        "state": {
          "branch": null,
          "revision": "a3f405a2c29547d69d10d3904233a4d42ef9575f",
          "version": "8.2.1"
        }
      }
    ]
  },
  "version": 1
}
