{
  "originHash" : "46df71a785d3b1e2442dbf2040313c9e32a127b8e296ecdd48f9195f4b3e651d",
  "pins" : [
    {
      "identity" : "amplitudecore-swift",
      "kind" : "remoteSourceControl",
      "location" : "https://github.com/amplitude/AmplitudeCore-Swift",
      "state" : {
        "revision" : "dda4458213f3c83520bd730d2eaacca7e532f572",
        "version" : "1.2.3"
      }
    }
  ],
  "version" : 3
}
